
Microsoft Visual Studio Solution File, Format Version 12.00
# Visual Studio Version 17
VisualStudioVersion = 17.13.35818.85 d17.13
MinimumVisualStudioVersion = 10.0.40219.1
Project("{FAE04EC0-301F-11D3-BF4B-00C04F79EFBC}") = "CPU-Scheduler", "CPU-Scheduler\CPU-Scheduler.csproj", "{A5BBDAE5-0B19-4B1B-8855-10CB830C86E5}"
EndProject
Global
	GlobalSection(SolutionConfigurationPlatforms) = preSolution
		Debug|Any CPU = Debug|Any CPU
		Release|Any CPU = Release|Any CPU
	EndGlobalSection
	GlobalSection(ProjectConfigurationPlatforms) = postSolution
		{A5BBDAE5-0B19-4B1B-8855-10CB830C86E5}.Debug|Any CPU.ActiveCfg = Debug|Any CPU
		{A5BBDAE5-0B19-4B1B-8855-10CB830C86E5}.Debug|Any CPU.Build.0 = Debug|Any CPU
		{A5BBDAE5-0B19-4B1B-8855-10CB830C86E5}.Release|Any CPU.ActiveCfg = Release|Any CPU
		{A5BBDAE5-0B19-4B1B-8855-10CB830C86E5}.Release|Any CPU.Build.0 = Release|Any CPU
	EndGlobalSection
	GlobalSection(SolutionProperties) = preSolution
		HideSolutionNode = FALSE
	EndGlobalSection
	GlobalSection(ExtensibilityGlobals) = postSolution
		SolutionGuid = {E807E299-9419-4CE2-9B71-0755034C3D0F}
	EndGlobalSection
EndGlobal
